
Microsoft Visual Studio Solution File, Format Version 12.00
# Visual Studio Version 17
VisualStudioVersion = 17.1.32319.34
MinimumVisualStudioVersion = 10.0.40219.1
Project("{9A19103F-16F7-4668-BE54-9A1E7A4F7556}") = "EFApp", "EFApp\EFApp.csproj", "{3ED55905-AC13-4C81-ADB3-0C6513CCACF3}"
EndProject
Project("{9A19103F-16F7-4668-BE54-9A1E7A4F7556}") = "Aeon.DataModels", "Aeon.DataModels\Aeon.DataModels.csproj", "{33E04964-6AB1-4181-8273-CBA080323FED}"
EndProject
Project("{2150E333-8FDC-42A3-9474-1A3956D46DE8}") = "Solution Items", "Solution Items", "{8C21DA26-9648-4F12-8088-88AF36893F0F}"
	ProjectSection(SolutionItems) = preProject
		.editorconfig = .editorconfig
	EndProjectSection
EndProject
Project("{9A19103F-16F7-4668-BE54-9A1E7A4F7556}") = "ChillChat.RestAPI", "ChillChat.RestAPI\ChillChat.RestAPI.csproj", "{5740C3BD-2268-496F-9657-5C9C0951EFFC}"
EndProject
Project("{9A19103F-16F7-4668-BE54-9A1E7A4F7556}") = "ChillChat.DataModels", "ChillChat.DataModels\ChillChat.DataModels.csproj", "{E2FB9789-8D6F-4837-930C-FBA81B298293}"
EndProject
Project("{9A19103F-16F7-4668-BE54-9A1E7A4F7556}") = "ChillChat.Services", "ChillChat.Services\ChillChat.Services.csproj", "{52FF0561-3161-4024-A1AD-1065F22E9EFC}"
EndProject
Project("{FAE04EC0-301F-11D3-BF4B-00C04F79EFBC}") = "ChillChat.UnitTests", "ChillChat.UnitTests\ChillChat.UnitTests.csproj", "{5EC28C96-C0B0-45B2-8AB7-B5FC52A462DD}"
EndProject
Global
	GlobalSection(SolutionConfigurationPlatforms) = preSolution
		Debug|Any CPU = Debug|Any CPU
		Release|Any CPU = Release|Any CPU
	EndGlobalSection
	GlobalSection(ProjectConfigurationPlatforms) = postSolution
		{3ED55905-AC13-4C81-ADB3-0C6513CCACF3}.Debug|Any CPU.ActiveCfg = Debug|Any CPU
		{3ED55905-AC13-4C81-ADB3-0C6513CCACF3}.Debug|Any CPU.Build.0 = Debug|Any CPU
		{3ED55905-AC13-4C81-ADB3-0C6513CCACF3}.Release|Any CPU.ActiveCfg = Release|Any CPU
		{3ED55905-AC13-4C81-ADB3-0C6513CCACF3}.Release|Any CPU.Build.0 = Release|Any CPU
		{33E04964-6AB1-4181-8273-CBA080323FED}.Debug|Any CPU.ActiveCfg = Debug|Any CPU
		{33E04964-6AB1-4181-8273-CBA080323FED}.Debug|Any CPU.Build.0 = Debug|Any CPU
		{33E04964-6AB1-4181-8273-CBA080323FED}.Release|Any CPU.ActiveCfg = Release|Any CPU
		{33E04964-6AB1-4181-8273-CBA080323FED}.Release|Any CPU.Build.0 = Release|Any CPU
		{5740C3BD-2268-496F-9657-5C9C0951EFFC}.Debug|Any CPU.ActiveCfg = Debug|Any CPU
		{5740C3BD-2268-496F-9657-5C9C0951EFFC}.Debug|Any CPU.Build.0 = Debug|Any CPU
		{5740C3BD-2268-496F-9657-5C9C0951EFFC}.Release|Any CPU.ActiveCfg = Release|Any CPU
		{5740C3BD-2268-496F-9657-5C9C0951EFFC}.Release|Any CPU.Build.0 = Release|Any CPU
		{E2FB9789-8D6F-4837-930C-FBA81B298293}.Debug|Any CPU.ActiveCfg = Debug|Any CPU
		{E2FB9789-8D6F-4837-930C-FBA81B298293}.Debug|Any CPU.Build.0 = Debug|Any CPU
		{E2FB9789-8D6F-4837-930C-FBA81B298293}.Release|Any CPU.ActiveCfg = Release|Any CPU
		{E2FB9789-8D6F-4837-930C-FBA81B298293}.Release|Any CPU.Build.0 = Release|Any CPU
		{52FF0561-3161-4024-A1AD-1065F22E9EFC}.Debug|Any CPU.ActiveCfg = Debug|Any CPU
		{52FF0561-3161-4024-A1AD-1065F22E9EFC}.Debug|Any CPU.Build.0 = Debug|Any CPU
		{52FF0561-3161-4024-A1AD-1065F22E9EFC}.Release|Any CPU.ActiveCfg = Release|Any CPU
		{52FF0561-3161-4024-A1AD-1065F22E9EFC}.Release|Any CPU.Build.0 = Release|Any CPU
		{5EC28C96-C0B0-45B2-8AB7-B5FC52A462DD}.Debug|Any CPU.ActiveCfg = Debug|Any CPU
		{5EC28C96-C0B0-45B2-8AB7-B5FC52A462DD}.Debug|Any CPU.Build.0 = Debug|Any CPU
		{5EC28C96-C0B0-45B2-8AB7-B5FC52A462DD}.Release|Any CPU.ActiveCfg = Release|Any CPU
		{5EC28C96-C0B0-45B2-8AB7-B5FC52A462DD}.Release|Any CPU.Build.0 = Release|Any CPU
	EndGlobalSection
	GlobalSection(SolutionProperties) = preSolution
		HideSolutionNode = FALSE
	EndGlobalSection
	GlobalSection(ExtensibilityGlobals) = postSolution
		SolutionGuid = {C584D38F-82DC-4C23-9336-B20BD78016A0}
	EndGlobalSection
EndGlobal
